
Microsoft Visual Studio Solution File, Format Version 12.00
# Visual Studio Version 17
VisualStudioVersion = 17.5.002.0
MinimumVisualStudioVersion = 10.0.40219.1
Project("{9A19103F-16F7-4668-BE54-9A1E7A4F7556}") = "Shibinitsa", "Shibinitsa.csproj", "{84013FD2-869E-4023-B791-673DF3432C9A}"
EndProject
Global
	GlobalSection(SolutionConfigurationPlatforms) = preSolution
		Debug|Any CPU = Debug|Any CPU
		Release|Any CPU = Release|Any CPU
	EndGlobalSection
	GlobalSection(ProjectConfigurationPlatforms) = postSolution
		{84013FD2-869E-4023-B791-673DF3432C9A}.Debug|Any CPU.ActiveCfg = Debug|Any CPU
		{84013FD2-869E-4023-B791-673DF3432C9A}.Debug|Any CPU.Build.0 = Debug|Any CPU
		{84013FD2-869E-4023-B791-673DF3432C9A}.Release|Any CPU.ActiveCfg = Release|Any CPU
		{84013FD2-869E-4023-B791-673DF3432C9A}.Release|Any CPU.Build.0 = Release|Any CPU
	EndGlobalSection
	GlobalSection(SolutionProperties) = preSolution
		HideSolutionNode = FALSE
	EndGlobalSection
	GlobalSection(ExtensibilityGlobals) = postSolution
		SolutionGuid = {087431EC-7871-4F8C-92B5-22AD7D6EB083}
	EndGlobalSection
EndGlobal
